// !$*UTF8*$!
{
	archiveVersion = 1;
	classes = {
	};
	objectVersion = 51;
	objects = {

/* Begin PBXBuildFile section */
		196E46F7248C59A000F004BC /* AppDelegate.m in Sources */ = {isa = PBXBuildFile; fileRef = 196E46F6248C59A000F004BC /* AppDelegate.m */; };
		196E46FA248C59A000F004BC /* SceneDelegate.m in Sources */ = {isa = PBXBuildFile; fileRef = 196E46F9248C59A000F004BC /* SceneDelegate.m */; };
		196E4702248C59A200F004BC /* Assets.xcassets in Resources */ = {isa = PBXBuildFile; fileRef = 196E4701248C59A200F004BC /* Assets.xcassets */; };
		196E4705248C59A200F004BC /* LaunchScreen.storyboard in Resources */ = {isa = PBXBuildFile; fileRef = 196E4703248C59A200F004BC /* LaunchScreen.storyboard */; };
		196E4708248C59A200F004BC /* main.m in Sources */ = {isa = PBXBuildFile; fileRef = 196E4707248C59A200F004BC /* main.m */; };
		196E4714248C7A2200F004BC /* HomeViewController.m in Sources */ = {isa = PBXBuildFile; fileRef = 196E4712248C7A2200F004BC /* HomeViewController.m */; };
		196E4715248C7A2200F004BC /* HomeViewController.xib in Resources */ = {isa = PBXBuildFile; fileRef = 196E4713248C7A2200F004BC /* HomeViewController.xib */; };
		196E4719248C7E3000F004BC /* AmountViewController.m in Sources */ = {isa = PBXBuildFile; fileRef = 196E4717248C7E3000F004BC /* AmountViewController.m */; };
		196E471A248C7E3000F004BC /* AmountViewController.xib in Resources */ = {isa = PBXBuildFile; fileRef = 196E4718248C7E3000F004BC /* AmountViewController.xib */; };
		196E471F248D6DCB00F004BC /* ServiceManager.m in Sources */ = {isa = PBXBuildFile; fileRef = 196E471E248D6DCB00F004BC /* ServiceManager.m */; };
		196E4722248D7B6700F004BC /* Service.plist in Resources */ = {isa = PBXBuildFile; fileRef = 196E4721248D7B6700F004BC /* Service.plist */; };
		196E4727248DABFB00F004BC /* PaymentMethod.m in Sources */ = {isa = PBXBuildFile; fileRef = 196E4726248DABFB00F004BC /* PaymentMethod.m */; };
		196E472A248EC7BC00F004BC /* AmountViewModel.m in Sources */ = {isa = PBXBuildFile; fileRef = 196E4729248EC7BC00F004BC /* AmountViewModel.m */; };
		196E472F248ED25900F004BC /* PaymentMethodsViewController.m in Sources */ = {isa = PBXBuildFile; fileRef = 196E472D248ED25900F004BC /* PaymentMethodsViewController.m */; };
		196E4730248ED25900F004BC /* PaymentMethodsViewController.xib in Resources */ = {isa = PBXBuildFile; fileRef = 196E472E248ED25900F004BC /* PaymentMethodsViewController.xib */; };
		196E4734248ED2F700F004BC /* PaymentMethodsTableViewCell.m in Sources */ = {isa = PBXBuildFile; fileRef = 196E4732248ED2F700F004BC /* PaymentMethodsTableViewCell.m */; };
		196E4735248ED2F700F004BC /* PaymentMethodsTableViewCell.xib in Resources */ = {isa = PBXBuildFile; fileRef = 196E4733248ED2F700F004BC /* PaymentMethodsTableViewCell.xib */; };
		196E4738248F058800F004BC /* PaymentMethodsViewModel.m in Sources */ = {isa = PBXBuildFile; fileRef = 196E4737248F058800F004BC /* PaymentMethodsViewModel.m */; };
		196E4741248F0D6A00F004BC /* CardIssuersViewController.m in Sources */ = {isa = PBXBuildFile; fileRef = 196E473F248F0D6A00F004BC /* CardIssuersViewController.m */; };
		196E4742248F0D6A00F004BC /* CardIssuersViewController.xib in Resources */ = {isa = PBXBuildFile; fileRef = 196E4740248F0D6A00F004BC /* CardIssuersViewController.xib */; };
		196E4748248F0E9D00F004BC /* CardIssuersViewModel.m in Sources */ = {isa = PBXBuildFile; fileRef = 196E4747248F0E9D00F004BC /* CardIssuersViewModel.m */; };
		196E474B248F143800F004BC /* CardIssuer.m in Sources */ = {isa = PBXBuildFile; fileRef = 196E474A248F143800F004BC /* CardIssuer.m */; };
		196E474F248F43C900F004BC /* CardIssuersTableViewCell.m in Sources */ = {isa = PBXBuildFile; fileRef = 196E474D248F43C900F004BC /* CardIssuersTableViewCell.m */; };
		196E4750248F43C900F004BC /* CardIssuersTableViewCell.xib in Resources */ = {isa = PBXBuildFile; fileRef = 196E474E248F43C900F004BC /* CardIssuersTableViewCell.xib */; };
		196E4755248F47B700F004BC /* InstallmentsViewModel.m in Sources */ = {isa = PBXBuildFile; fileRef = 196E4754248F47B700F004BC /* InstallmentsViewModel.m */; };
		196E4759248F47CD00F004BC /* InstallmentsViewController.m in Sources */ = {isa = PBXBuildFile; fileRef = 196E4757248F47CD00F004BC /* InstallmentsViewController.m */; };
		196E475A248F47CD00F004BC /* InstallmentsViewController.xib in Resources */ = {isa = PBXBuildFile; fileRef = 196E4758248F47CD00F004BC /* InstallmentsViewController.xib */; };
		196E475E248F4D8800F004BC /* InstallmentsTableViewCell.m in Sources */ = {isa = PBXBuildFile; fileRef = 196E475C248F4D8800F004BC /* InstallmentsTableViewCell.m */; };
		196E475F248F4D8800F004BC /* InstallmentsTableViewCell.xib in Resources */ = {isa = PBXBuildFile; fileRef = 196E475D248F4D8800F004BC /* InstallmentsTableViewCell.xib */; };
		196E4762248F4DC000F004BC /* Installment.m in Sources */ = {isa = PBXBuildFile; fileRef = 196E4761248F4DC000F004BC /* Installment.m */; };
		289FF9122C74911B001F68E3 /* Pods_Payments.framework in Frameworks */ = {isa = PBXBuildFile; fileRef = 100FCDB1149E355E6A774BDD /* Pods_Payments.framework */; };
/* End PBXBuildFile section */

/* Begin PBXFileReference section */
		100FCDB1149E355E6A774BDD /* Pods_Payments.framework */ = {isa = PBXFileReference; explicitFileType = wrapper.framework; includeInIndex = 0; path = Pods_Payments.framework; sourceTree = BUILT_PRODUCTS_DIR; };
		196E46F2248C59A000F004BC /* Payments.app */ = {isa = PBXFileReference; explicitFileType = wrapper.application; includeInIndex = 0; path = Payments.app; sourceTree = BUILT_PRODUCTS_DIR; };
		196E46F5248C59A000F004BC /* AppDelegate.h */ = {isa = PBXFileReference; lastKnownFileType = sourcecode.c.h; path = AppDelegate.h; sourceTree = "<group>"; };
		196E46F6248C59A000F004BC /* AppDelegate.m */ = {isa = PBXFileReference; lastKnownFileType = sourcecode.c.objc; path = AppDelegate.m; sourceTree = "<group>"; };
		196E46F8248C59A000F004BC /* SceneDelegate.h */ = {isa = PBXFileReference; lastKnownFileType = sourcecode.c.h; path = SceneDelegate.h; sourceTree = "<group>"; };
		196E46F9248C59A000F004BC /* SceneDelegate.m */ = {isa = PBXFileReference; lastKnownFileType = sourcecode.c.objc; path = SceneDelegate.m; sourceTree = "<group>"; };
		196E4701248C59A200F004BC /* Assets.xcassets */ = {isa = PBXFileReference; lastKnownFileType = folder.assetcatalog; path = Assets.xcassets; sourceTree = "<group>"; };
		196E4704248C59A200F004BC /* Base */ = {isa = PBXFileReference; lastKnownFileType = file.storyboard; name = Base; path = Base.lproj/LaunchScreen.storyboard; sourceTree = "<group>"; };
		196E4706248C59A200F004BC /* Info.plist */ = {isa = PBXFileReference; lastKnownFileType = text.plist.xml; path = Info.plist; sourceTree = "<group>"; };
		196E4707248C59A200F004BC /* main.m */ = {isa = PBXFileReference; lastKnownFileType = sourcecode.c.objc; path = main.m; sourceTree = "<group>"; };
		196E4711248C7A2200F004BC /* HomeViewController.h */ = {isa = PBXFileReference; lastKnownFileType = sourcecode.c.h; path = HomeViewController.h; sourceTree = "<group>"; };
		196E4712248C7A2200F004BC /* HomeViewController.m */ = {isa = PBXFileReference; lastKnownFileType = sourcecode.c.objc; path = HomeViewController.m; sourceTree = "<group>"; };
		196E4713248C7A2200F004BC /* HomeViewController.xib */ = {isa = PBXFileReference; lastKnownFileType = file.xib; path = HomeViewController.xib; sourceTree = "<group>"; };
		196E4716248C7E3000F004BC /* AmountViewController.h */ = {isa = PBXFileReference; lastKnownFileType = sourcecode.c.h; path = AmountViewController.h; sourceTree = "<group>"; };
		196E4717248C7E3000F004BC /* AmountViewController.m */ = {isa = PBXFileReference; lastKnownFileType = sourcecode.c.objc; path = AmountViewController.m; sourceTree = "<group>"; };
		196E4718248C7E3000F004BC /* AmountViewController.xib */ = {isa = PBXFileReference; lastKnownFileType = file.xib; path = AmountViewController.xib; sourceTree = "<group>"; };
		196E471D248D6DCB00F004BC /* ServiceManager.h */ = {isa = PBXFileReference; lastKnownFileType = sourcecode.c.h; path = ServiceManager.h; sourceTree = "<group>"; };
		196E471E248D6DCB00F004BC /* ServiceManager.m */ = {isa = PBXFileReference; lastKnownFileType = sourcecode.c.objc; path = ServiceManager.m; sourceTree = "<group>"; };
		196E4721248D7B6700F004BC /* Service.plist */ = {isa = PBXFileReference; lastKnownFileType = text.plist.xml; path = Service.plist; sourceTree = "<group>"; };
		196E4723248D9D6400F004BC /* PaymentMethod.h */ = {isa = PBXFileReference; lastKnownFileType = sourcecode.c.h; path = PaymentMethod.h; sourceTree = "<group>"; };
		196E4726248DABFB00F004BC /* PaymentMethod.m */ = {isa = PBXFileReference; fileEncoding = 4; lastKnownFileType = sourcecode.c.objc; path = PaymentMethod.m; sourceTree = "<group>"; };
		196E4728248EC7BC00F004BC /* AmountViewModel.h */ = {isa = PBXFileReference; lastKnownFileType = sourcecode.c.h; path = AmountViewModel.h; sourceTree = "<group>"; };
		196E4729248EC7BC00F004BC /* AmountViewModel.m */ = {isa = PBXFileReference; lastKnownFileType = sourcecode.c.objc; path = AmountViewModel.m; sourceTree = "<group>"; };
		196E472C248ED25900F004BC /* PaymentMethodsViewController.h */ = {isa = PBXFileReference; lastKnownFileType = sourcecode.c.h; path = PaymentMethodsViewController.h; sourceTree = "<group>"; };
		196E472D248ED25900F004BC /* PaymentMethodsViewController.m */ = {isa = PBXFileReference; lastKnownFileType = sourcecode.c.objc; path = PaymentMethodsViewController.m; sourceTree = "<group>"; };
		196E472E248ED25900F004BC /* PaymentMethodsViewController.xib */ = {isa = PBXFileReference; lastKnownFileType = file.xib; path = PaymentMethodsViewController.xib; sourceTree = "<group>"; };
		196E4731248ED2F700F004BC /* PaymentMethodsTableViewCell.h */ = {isa = PBXFileReference; lastKnownFileType = sourcecode.c.h; path = PaymentMethodsTableViewCell.h; sourceTree = "<group>"; };
		196E4732248ED2F700F004BC /* PaymentMethodsTableViewCell.m */ = {isa = PBXFileReference; lastKnownFileType = sourcecode.c.objc; path = PaymentMethodsTableViewCell.m; sourceTree = "<group>"; };
		196E4733248ED2F700F004BC /* PaymentMethodsTableViewCell.xib */ = {isa = PBXFileReference; lastKnownFileType = file.xib; path = PaymentMethodsTableViewCell.xib; sourceTree = "<group>"; };
		196E4736248F058800F004BC /* PaymentMethodsViewModel.h */ = {isa = PBXFileReference; lastKnownFileType = sourcecode.c.h; path = PaymentMethodsViewModel.h; sourceTree = "<group>"; };
		196E4737248F058800F004BC /* PaymentMethodsViewModel.m */ = {isa = PBXFileReference; lastKnownFileType = sourcecode.c.objc; path = PaymentMethodsViewModel.m; sourceTree = "<group>"; };
		196E473E248F0D6A00F004BC /* CardIssuersViewController.h */ = {isa = PBXFileReference; lastKnownFileType = sourcecode.c.h; path = CardIssuersViewController.h; sourceTree = "<group>"; };
		196E473F248F0D6A00F004BC /* CardIssuersViewController.m */ = {isa = PBXFileReference; lastKnownFileType = sourcecode.c.objc; path = CardIssuersViewController.m; sourceTree = "<group>"; };
		196E4740248F0D6A00F004BC /* CardIssuersViewController.xib */ = {isa = PBXFileReference; lastKnownFileType = file.xib; path = CardIssuersViewController.xib; sourceTree = "<group>"; };
		196E4746248F0E9D00F004BC /* CardIssuersViewModel.h */ = {isa = PBXFileReference; lastKnownFileType = sourcecode.c.h; path = CardIssuersViewModel.h; sourceTree = "<group>"; };
		196E4747248F0E9D00F004BC /* CardIssuersViewModel.m */ = {isa = PBXFileReference; lastKnownFileType = sourcecode.c.objc; path = CardIssuersViewModel.m; sourceTree = "<group>"; };
		196E4749248F143800F004BC /* CardIssuer.h */ = {isa = PBXFileReference; lastKnownFileType = sourcecode.c.h; path = CardIssuer.h; sourceTree = "<group>"; };
		196E474A248F143800F004BC /* CardIssuer.m */ = {isa = PBXFileReference; lastKnownFileType = sourcecode.c.objc; path = CardIssuer.m; sourceTree = "<group>"; };
		196E474C248F43C900F004BC /* CardIssuersTableViewCell.h */ = {isa = PBXFileReference; lastKnownFileType = sourcecode.c.h; path = CardIssuersTableViewCell.h; sourceTree = "<group>"; };
		196E474D248F43C900F004BC /* CardIssuersTableViewCell.m */ = {isa = PBXFileReference; lastKnownFileType = sourcecode.c.objc; path = CardIssuersTableViewCell.m; sourceTree = "<group>"; };
		196E474E248F43C900F004BC /* CardIssuersTableViewCell.xib */ = {isa = PBXFileReference; lastKnownFileType = file.xib; path = CardIssuersTableViewCell.xib; sourceTree = "<group>"; };
		196E4753248F47B700F004BC /* InstallmentsViewModel.h */ = {isa = PBXFileReference; lastKnownFileType = sourcecode.c.h; path = InstallmentsViewModel.h; sourceTree = "<group>"; };
		196E4754248F47B700F004BC /* InstallmentsViewModel.m */ = {isa = PBXFileReference; lastKnownFileType = sourcecode.c.objc; path = InstallmentsViewModel.m; sourceTree = "<group>"; };
		196E4756248F47CD00F004BC /* InstallmentsViewController.h */ = {isa = PBXFileReference; lastKnownFileType = sourcecode.c.h; path = InstallmentsViewController.h; sourceTree = "<group>"; };
		196E4757248F47CD00F004BC /* InstallmentsViewController.m */ = {isa = PBXFileReference; lastKnownFileType = sourcecode.c.objc; path = InstallmentsViewController.m; sourceTree = "<group>"; };
		196E4758248F47CD00F004BC /* InstallmentsViewController.xib */ = {isa = PBXFileReference; lastKnownFileType = file.xib; path = InstallmentsViewController.xib; sourceTree = "<group>"; };
		196E475B248F4D8800F004BC /* InstallmentsTableViewCell.h */ = {isa = PBXFileReference; lastKnownFileType = sourcecode.c.h; path = InstallmentsTableViewCell.h; sourceTree = "<group>"; };
		196E475C248F4D8800F004BC /* InstallmentsTableViewCell.m */ = {isa = PBXFileReference; lastKnownFileType = sourcecode.c.objc; path = InstallmentsTableViewCell.m; sourceTree = "<group>"; };
		196E475D248F4D8800F004BC /* InstallmentsTableViewCell.xib */ = {isa = PBXFileReference; lastKnownFileType = file.xib; path = InstallmentsTableViewCell.xib; sourceTree = "<group>"; };
		196E4760248F4DC000F004BC /* Installment.h */ = {isa = PBXFileReference; lastKnownFileType = sourcecode.c.h; path = Installment.h; sourceTree = "<group>"; };
		196E4761248F4DC000F004BC /* Installment.m */ = {isa = PBXFileReference; lastKnownFileType = sourcecode.c.objc; path = Installment.m; sourceTree = "<group>"; };
		2BEC7D1BA78D34759D17B8F0 /* Pods-Payments.release.xcconfig */ = {isa = PBXFileReference; includeInIndex = 1; lastKnownFileType = text.xcconfig; name = "Pods-Payments.release.xcconfig"; path = "Target Support Files/Pods-Payments/Pods-Payments.release.xcconfig"; sourceTree = "<group>"; };
		D5A079FFF69097527E975BA9 /* Pods-Payments.debug.xcconfig */ = {isa = PBXFileReference; includeInIndex = 1; lastKnownFileType = text.xcconfig; name = "Pods-Payments.debug.xcconfig"; path = "Target Support Files/Pods-Payments/Pods-Payments.debug.xcconfig"; sourceTree = "<group>"; };
/* End PBXFileReference section */

/* Begin PBXFrameworksBuildPhase section */
		196E46EF248C59A000F004BC /* Frameworks */ = {
			isa = PBXFrameworksBuildPhase;
			buildActionMask = 2147483647;
			files = (
				289FF9122C74911B001F68E3 /* Pods_Payments.framework in Frameworks */,
			);
			runOnlyForDeploymentPostprocessing = 0;
		};
/* End PBXFrameworksBuildPhase section */

/* Begin PBXGroup section */
		196E46E9248C59A000F004BC = {
			isa = PBXGroup;
			children = (
				196E46F4248C59A000F004BC /* Payments */,
				196E46F3248C59A000F004BC /* Products */,
				D57B7983FA11AE7C8EEC77CA /* Pods */,
				C23A635136873895192C0632 /* Frameworks */,
			);
			sourceTree = "<group>";
		};
		196E46F3248C59A000F004BC /* Products */ = {
			isa = PBXGroup;
			children = (
				196E46F2248C59A000F004BC /* Payments.app */,
			);
			name = Products;
			sourceTree = "<group>";
		};
		196E46F4248C59A000F004BC /* Payments */ = {
			isa = PBXGroup;
			children = (
				196E4720248D7B1E00F004BC /* Service */,
				196E4710248C79F900F004BC /* Models */,
				196E470F248C79F000F004BC /* ViewModels */,
				196E470E248C79E000F004BC /* ViewControllers */,
				196E46F5248C59A000F004BC /* AppDelegate.h */,
				196E46F6248C59A000F004BC /* AppDelegate.m */,
				196E46F8248C59A000F004BC /* SceneDelegate.h */,
				196E46F9248C59A000F004BC /* SceneDelegate.m */,
				196E4701248C59A200F004BC /* Assets.xcassets */,
				196E4703248C59A200F004BC /* LaunchScreen.storyboard */,
				196E4706248C59A200F004BC /* Info.plist */,
				196E4707248C59A200F004BC /* main.m */,
			);
			path = Payments;
			sourceTree = "<group>";
		};
		196E470E248C79E000F004BC /* ViewControllers */ = {
			isa = PBXGroup;
			children = (
				196E4752248F479A00F004BC /* Installments */,
				196E473D248F0D4B00F004BC /* CardIssuers */,
				196E472B248ED23900F004BC /* PaymentMethods */,
				196E471C248D660D00F004BC /* Amount */,
				196E471B248D65FB00F004BC /* Home */,
			);
			path = ViewControllers;
			sourceTree = "<group>";
		};
		196E470F248C79F000F004BC /* ViewModels */ = {
			isa = PBXGroup;
			children = (
				196E4751248F478800F004BC /* Installments */,
				196E4745248F0E8600F004BC /* CardIssuers */,
				196E4744248F0DDB00F004BC /* PaymentMethods */,
				196E4743248F0DC600F004BC /* Amount */,
			);
			path = ViewModels;
			sourceTree = "<group>";
		};
		196E4710248C79F900F004BC /* Models */ = {
			isa = PBXGroup;
			children = (
				196E4723248D9D6400F004BC /* PaymentMethod.h */,
				196E4726248DABFB00F004BC /* PaymentMethod.m */,
				196E4749248F143800F004BC /* CardIssuer.h */,
				196E474A248F143800F004BC /* CardIssuer.m */,
				196E4760248F4DC000F004BC /* Installment.h */,
				196E4761248F4DC000F004BC /* Installment.m */,
			);
			path = Models;
			sourceTree = "<group>";
		};
		196E471B248D65FB00F004BC /* Home */ = {
			isa = PBXGroup;
			children = (
				196E4711248C7A2200F004BC /* HomeViewController.h */,
				196E4712248C7A2200F004BC /* HomeViewController.m */,
				196E4713248C7A2200F004BC /* HomeViewController.xib */,
			);
			path = Home;
			sourceTree = "<group>";
		};
		196E471C248D660D00F004BC /* Amount */ = {
			isa = PBXGroup;
			children = (
				196E4716248C7E3000F004BC /* AmountViewController.h */,
				196E4717248C7E3000F004BC /* AmountViewController.m */,
				196E4718248C7E3000F004BC /* AmountViewController.xib */,
			);
			path = Amount;
			sourceTree = "<group>";
		};
		196E4720248D7B1E00F004BC /* Service */ = {
			isa = PBXGroup;
			children = (
				196E471D248D6DCB00F004BC /* ServiceManager.h */,
				196E471E248D6DCB00F004BC /* ServiceManager.m */,
				196E4721248D7B6700F004BC /* Service.plist */,
			);
			path = Service;
			sourceTree = "<group>";
		};
		196E472B248ED23900F004BC /* PaymentMethods */ = {
			isa = PBXGroup;
			children = (
				196E472C248ED25900F004BC /* PaymentMethodsViewController.h */,
				196E472D248ED25900F004BC /* PaymentMethodsViewController.m */,
				196E472E248ED25900F004BC /* PaymentMethodsViewController.xib */,
				196E4731248ED2F700F004BC /* PaymentMethodsTableViewCell.h */,
				196E4732248ED2F700F004BC /* PaymentMethodsTableViewCell.m */,
				196E4733248ED2F700F004BC /* PaymentMethodsTableViewCell.xib */,
			);
			path = PaymentMethods;
			sourceTree = "<group>";
		};
		196E473D248F0D4B00F004BC /* CardIssuers */ = {
			isa = PBXGroup;
			children = (
				196E473E248F0D6A00F004BC /* CardIssuersViewController.h */,
				196E473F248F0D6A00F004BC /* CardIssuersViewController.m */,
				196E4740248F0D6A00F004BC /* CardIssuersViewController.xib */,
				196E474C248F43C900F004BC /* CardIssuersTableViewCell.h */,
				196E474D248F43C900F004BC /* CardIssuersTableViewCell.m */,
				196E474E248F43C900F004BC /* CardIssuersTableViewCell.xib */,
			);
			path = CardIssuers;
			sourceTree = "<group>";
		};
		196E4743248F0DC600F004BC /* Amount */ = {
			isa = PBXGroup;
			children = (
				196E4728248EC7BC00F004BC /* AmountViewModel.h */,
				196E4729248EC7BC00F004BC /* AmountViewModel.m */,
			);
			path = Amount;
			sourceTree = "<group>";
		};
		196E4744248F0DDB00F004BC /* PaymentMethods */ = {
			isa = PBXGroup;
			children = (
				196E4736248F058800F004BC /* PaymentMethodsViewModel.h */,
				196E4737248F058800F004BC /* PaymentMethodsViewModel.m */,
			);
			path = PaymentMethods;
			sourceTree = "<group>";
		};
		196E4745248F0E8600F004BC /* CardIssuers */ = {
			isa = PBXGroup;
			children = (
				196E4746248F0E9D00F004BC /* CardIssuersViewModel.h */,
				196E4747248F0E9D00F004BC /* CardIssuersViewModel.m */,
			);
			path = CardIssuers;
			sourceTree = "<group>";
		};
		196E4751248F478800F004BC /* Installments */ = {
			isa = PBXGroup;
			children = (
				196E4753248F47B700F004BC /* InstallmentsViewModel.h */,
				196E4754248F47B700F004BC /* InstallmentsViewModel.m */,
			);
			path = Installments;
			sourceTree = "<group>";
		};
		196E4752248F479A00F004BC /* Installments */ = {
			isa = PBXGroup;
			children = (
				196E4756248F47CD00F004BC /* InstallmentsViewController.h */,
				196E4757248F47CD00F004BC /* InstallmentsViewController.m */,
				196E4758248F47CD00F004BC /* InstallmentsViewController.xib */,
				196E475B248F4D8800F004BC /* InstallmentsTableViewCell.h */,
				196E475C248F4D8800F004BC /* InstallmentsTableViewCell.m */,
				196E475D248F4D8800F004BC /* InstallmentsTableViewCell.xib */,
			);
			path = Installments;
			sourceTree = "<group>";
		};
		C23A635136873895192C0632 /* Frameworks */ = {
			isa = PBXGroup;
			children = (
				100FCDB1149E355E6A774BDD /* Pods_Payments.framework */,
			);
			name = Frameworks;
			sourceTree = "<group>";
		};
		D57B7983FA11AE7C8EEC77CA /* Pods */ = {
			isa = PBXGroup;
			children = (
				D5A079FFF69097527E975BA9 /* Pods-Payments.debug.xcconfig */,
				2BEC7D1BA78D34759D17B8F0 /* Pods-Payments.release.xcconfig */,
			);
			path = Pods;
			sourceTree = "<group>";
		};
/* End PBXGroup section */

/* Begin PBXNativeTarget section */
		196E46F1248C59A000F004BC /* Payments */ = {
			isa = PBXNativeTarget;
			buildConfigurationList = 196E470B248C59A200F004BC /* Build configuration list for PBXNativeTarget "Payments" */;
			buildPhases = (
				C9736CC6CBF62F56BEAB058F /* [CP] Check Pods Manifest.lock */,
				196E46EE248C59A000F004BC /* Sources */,
				196E46EF248C59A000F004BC /* Frameworks */,
				196E46F0248C59A000F004BC /* Resources */,
				BD3E7E3B0E38CE91EB92182D /* [CP] Embed Pods Frameworks */,
			);
			buildRules = (
			);
			dependencies = (
			);
			name = Payments;
			productName = Payments;
			productReference = 196E46F2248C59A000F004BC /* Payments.app */;
			productType = "com.apple.product-type.application";
		};
/* End PBXNativeTarget section */

/* Begin PBXProject section */
		196E46EA248C59A000F004BC /* Project object */ = {
			isa = PBXProject;
			attributes = {
				LastUpgradeCheck = 1130;
				ORGANIZATIONNAME = "Nicolas Alejandro Fernandez Amorosino";
				TargetAttributes = {
					196E46F1248C59A000F004BC = {
						CreatedOnToolsVersion = 11.3.1;
					};
				};
			};
			buildConfigurationList = 196E46ED248C59A000F004BC /* Build configuration list for PBXProject "Payments" */;
			compatibilityVersion = "Xcode 9.3";
			developmentRegion = en;
			hasScannedForEncodings = 0;
			knownRegions = (
				en,
				Base,
			);
			mainGroup = 196E46E9248C59A000F004BC;
			productRefGroup = 196E46F3248C59A000F004BC /* Products */;
			projectDirPath = "";
			projectRoot = "";
			targets = (
				196E46F1248C59A000F004BC /* Payments */,
			);
		};
/* End PBXProject section */

/* Begin PBXResourcesBuildPhase section */
		196E46F0248C59A000F004BC /* Resources */ = {
			isa = PBXResourcesBuildPhase;
			buildActionMask = 2147483647;
			files = (
				196E4735248ED2F700F004BC /* PaymentMethodsTableViewCell.xib in Resources */,
				196E471A248C7E3000F004BC /* AmountViewController.xib in Resources */,
				196E475A248F47CD00F004BC /* InstallmentsViewController.xib in Resources */,
				196E4705248C59A200F004BC /* LaunchScreen.storyboard in Resources */,
				196E4730248ED25900F004BC /* PaymentMethodsViewController.xib in Resources */,
				196E4722248D7B6700F004BC /* Service.plist in Resources */,
				196E475F248F4D8800F004BC /* InstallmentsTableViewCell.xib in Resources */,
				196E4742248F0D6A00F004BC /* CardIssuersViewController.xib in Resources */,
				196E4702248C59A200F004BC /* Assets.xcassets in Resources */,
				196E4715248C7A2200F004BC /* HomeViewController.xib in Resources */,
				196E4750248F43C900F004BC /* CardIssuersTableViewCell.xib in Resources */,
			);
			runOnlyForDeploymentPostprocessing = 0;
		};
/* End PBXResourcesBuildPhase section */

/* Begin PBXShellScriptBuildPhase section */
		BD3E7E3B0E38CE91EB92182D /* [CP] Embed Pods Frameworks */ = {
			isa = PBXShellScriptBuildPhase;
			buildActionMask = 2147483647;
			files = (
			);
			inputFileListPaths = (
				"${PODS_ROOT}/Target Support Files/Pods-Payments/Pods-Payments-frameworks-${CONFIGURATION}-input-files.xcfilelist",
			);
			name = "[CP] Embed Pods Frameworks";
			outputFileListPaths = (
				"${PODS_ROOT}/Target Support Files/Pods-Payments/Pods-Payments-frameworks-${CONFIGURATION}-output-files.xcfilelist",
			);
			runOnlyForDeploymentPostprocessing = 0;
			shellPath = /bin/sh;
			shellScript = "\"${PODS_ROOT}/Target Support Files/Pods-Payments/Pods-Payments-frameworks.sh\"\n";
			showEnvVarsInLog = 0;
		};
		C9736CC6CBF62F56BEAB058F /* [CP] Check Pods Manifest.lock */ = {
			isa = PBXShellScriptBuildPhase;
			buildActionMask = 2147483647;
			files = (
			);
			inputFileListPaths = (
			);
			inputPaths = (
				"${PODS_PODFILE_DIR_PATH}/Podfile.lock",
				"${PODS_ROOT}/Manifest.lock",
			);
			name = "[CP] Check Pods Manifest.lock";
			outputFileListPaths = (
			);
			outputPaths = (
				"$(DERIVED_FILE_DIR)/Pods-Payments-checkManifestLockResult.txt",
			);
			runOnlyForDeploymentPostprocessing = 0;
			shellPath = /bin/sh;
			shellScript = "diff \"${PODS_PODFILE_DIR_PATH}/Podfile.lock\" \"${PODS_ROOT}/Manifest.lock\" > /dev/null\nif [ $? != 0 ] ; then\n    # print error to STDERR\n    echo \"error: The sandbox is not in sync with the Podfile.lock. Run 'pod install' or update your CocoaPods installation.\" >&2\n    exit 1\nfi\n# This output is used by Xcode 'outputs' to avoid re-running this script phase.\necho \"SUCCESS\" > \"${SCRIPT_OUTPUT_FILE_0}\"\n";
			showEnvVarsInLog = 0;
		};
/* End PBXShellScriptBuildPhase section */

/* Begin PBXSourcesBuildPhase section */
		196E46EE248C59A000F004BC /* Sources */ = {
			isa = PBXSourcesBuildPhase;
			buildActionMask = 2147483647;
			files = (
				196E4719248C7E3000F004BC /* AmountViewController.m in Sources */,
				196E4741248F0D6A00F004BC /* CardIssuersViewController.m in Sources */,
				196E46F7248C59A000F004BC /* AppDelegate.m in Sources */,
				196E4708248C59A200F004BC /* main.m in Sources */,
				196E4748248F0E9D00F004BC /* CardIssuersViewModel.m in Sources */,
				196E4734248ED2F700F004BC /* PaymentMethodsTableViewCell.m in Sources */,
				196E471F248D6DCB00F004BC /* ServiceManager.m in Sources */,
				196E472A248EC7BC00F004BC /* AmountViewModel.m in Sources */,
				196E4727248DABFB00F004BC /* PaymentMethod.m in Sources */,
				196E4738248F058800F004BC /* PaymentMethodsViewModel.m in Sources */,
				196E474B248F143800F004BC /* CardIssuer.m in Sources */,
				196E4762248F4DC000F004BC /* Installment.m in Sources */,
				196E4759248F47CD00F004BC /* InstallmentsViewController.m in Sources */,
				196E474F248F43C900F004BC /* CardIssuersTableViewCell.m in Sources */,
				196E475E248F4D8800F004BC /* InstallmentsTableViewCell.m in Sources */,
				196E4755248F47B700F004BC /* InstallmentsViewModel.m in Sources */,
				196E46FA248C59A000F004BC /* SceneDelegate.m in Sources */,
				196E472F248ED25900F004BC /* PaymentMethodsViewController.m in Sources */,
				196E4714248C7A2200F004BC /* HomeViewController.m in Sources */,
			);
			runOnlyForDeploymentPostprocessing = 0;
		};
/* End PBXSourcesBuildPhase section */

/* Begin PBXVariantGroup section */
		196E4703248C59A200F004BC /* LaunchScreen.storyboard */ = {
			isa = PBXVariantGroup;
			children = (
				196E4704248C59A200F004BC /* Base */,
			);
			name = LaunchScreen.storyboard;
			sourceTree = "<group>";
		};
/* End PBXVariantGroup section */

/* Begin XCBuildConfiguration section */
		196E4709248C59A200F004BC /* Debug */ = {
			isa = XCBuildConfiguration;
			buildSettings = {
				ALWAYS_SEARCH_USER_PATHS = NO;
				CLANG_ANALYZER_NONNULL = YES;
				CLANG_ANALYZER_NUMBER_OBJECT_CONVERSION = YES_AGGRESSIVE;
				CLANG_CXX_LANGUAGE_STANDARD = "gnu++14";
				CLANG_CXX_LIBRARY = "libc++";
				CLANG_ENABLE_MODULES = YES;
				CLANG_ENABLE_OBJC_ARC = YES;
				CLANG_ENABLE_OBJC_WEAK = YES;
				CLANG_WARN_BLOCK_CAPTURE_AUTORELEASING = YES;
				CLANG_WARN_BOOL_CONVERSION = YES;
				CLANG_WARN_COMMA = YES;
				CLANG_WARN_CONSTANT_CONVERSION = YES;
				CLANG_WARN_DEPRECATED_OBJC_IMPLEMENTATIONS = YES;
				CLANG_WARN_DIRECT_OBJC_ISA_USAGE = YES_ERROR;
				CLANG_WARN_DOCUMENTATION_COMMENTS = YES;
				CLANG_WARN_EMPTY_BODY = YES;
				CLANG_WARN_ENUM_CONVERSION = YES;
				CLANG_WARN_INFINITE_RECURSION = YES;
				CLANG_WARN_INT_CONVERSION = YES;
				CLANG_WARN_NON_LITERAL_NULL_CONVERSION = YES;
				CLANG_WARN_OBJC_IMPLICIT_RETAIN_SELF = YES;
				CLANG_WARN_OBJC_LITERAL_CONVERSION = YES;
				CLANG_WARN_OBJC_ROOT_CLASS = YES_ERROR;
				CLANG_WARN_RANGE_LOOP_ANALYSIS = YES;
				CLANG_WARN_STRICT_PROTOTYPES = YES;
				CLANG_WARN_SUSPICIOUS_MOVE = YES;
				CLANG_WARN_UNGUARDED_AVAILABILITY = YES_AGGRESSIVE;
				CLANG_WARN_UNREACHABLE_CODE = YES;
				CLANG_WARN__DUPLICATE_METHOD_MATCH = YES;
				COPY_PHASE_STRIP = NO;
				DEBUG_INFORMATION_FORMAT = dwarf;
				ENABLE_STRICT_OBJC_MSGSEND = YES;
				ENABLE_TESTABILITY = YES;
				GCC_C_LANGUAGE_STANDARD = gnu11;
				GCC_DYNAMIC_NO_PIC = NO;
				GCC_NO_COMMON_BLOCKS = YES;
				GCC_OPTIMIZATION_LEVEL = 0;
				GCC_PREPROCESSOR_DEFINITIONS = (
					"DEBUG=1",
					"$(inherited)",
				);
				GCC_WARN_64_TO_32_BIT_CONVERSION = YES;
				GCC_WARN_ABOUT_RETURN_TYPE = YES_ERROR;
				GCC_WARN_UNDECLARED_SELECTOR = YES;
				GCC_WARN_UNINITIALIZED_AUTOS = YES_AGGRESSIVE;
				GCC_WARN_UNUSED_FUNCTION = YES;
				GCC_WARN_UNUSED_VARIABLE = YES;
				IPHONEOS_DEPLOYMENT_TARGET = 13.2;
				MTL_ENABLE_DEBUG_INFO = INCLUDE_SOURCE;
				MTL_FAST_MATH = YES;
				ONLY_ACTIVE_ARCH = YES;
				SDKROOT = iphoneos;
			};
			name = Debug;
		};
		196E470A248C59A200F004BC /* Release */ = {
			isa = XCBuildConfiguration;
			buildSettings = {
				ALWAYS_SEARCH_USER_PATHS = NO;
				CLANG_ANALYZER_NONNULL = YES;
				CLANG_ANALYZER_NUMBER_OBJECT_CONVERSION = YES_AGGRESSIVE;
				CLANG_CXX_LANGUAGE_STANDARD = "gnu++14";
				CLANG_CXX_LIBRARY = "libc++";
				CLANG_ENABLE_MODULES = YES;
				CLANG_ENABLE_OBJC_ARC = YES;
				CLANG_ENABLE_OBJC_WEAK = YES;
				CLANG_WARN_BLOCK_CAPTURE_AUTORELEASING = YES;
				CLANG_WARN_BOOL_CONVERSION = YES;
				CLANG_WARN_COMMA = YES;
				CLANG_WARN_CONSTANT_CONVERSION = YES;
				CLANG_WARN_DEPRECATED_OBJC_IMPLEMENTATIONS = YES;
				CLANG_WARN_DIRECT_OBJC_ISA_USAGE = YES_ERROR;
				CLANG_WARN_DOCUMENTATION_COMMENTS = YES;
				CLANG_WARN_EMPTY_BODY = YES;
				CLANG_WARN_ENUM_CONVERSION = YES;
				CLANG_WARN_INFINITE_RECURSION = YES;
				CLANG_WARN_INT_CONVERSION = YES;
				CLANG_WARN_NON_LITERAL_NULL_CONVERSION = YES;
				CLANG_WARN_OBJC_IMPLICIT_RETAIN_SELF = YES;
				CLANG_WARN_OBJC_LITERAL_CONVERSION = YES;
				CLANG_WARN_OBJC_ROOT_CLASS = YES_ERROR;
				CLANG_WARN_RANGE_LOOP_ANALYSIS = YES;
				CLANG_WARN_STRICT_PROTOTYPES = YES;
				CLANG_WARN_SUSPICIOUS_MOVE = YES;
				CLANG_WARN_UNGUARDED_AVAILABILITY = YES_AGGRESSIVE;
				CLANG_WARN_UNREACHABLE_CODE = YES;
				CLANG_WARN__DUPLICATE_METHOD_MATCH = YES;
				COPY_PHASE_STRIP = NO;
				DEBUG_INFORMATION_FORMAT = "dwarf-with-dsym";
				ENABLE_NS_ASSERTIONS = NO;
				ENABLE_STRICT_OBJC_MSGSEND = YES;
				GCC_C_LANGUAGE_STANDARD = gnu11;
				GCC_NO_COMMON_BLOCKS = YES;
				GCC_WARN_64_TO_32_BIT_CONVERSION = YES;
				GCC_WARN_ABOUT_RETURN_TYPE = YES_ERROR;
				GCC_WARN_UNDECLARED_SELECTOR = YES;
				GCC_WARN_UNINITIALIZED_AUTOS = YES_AGGRESSIVE;
				GCC_WARN_UNUSED_FUNCTION = YES;
				GCC_WARN_UNUSED_VARIABLE = YES;
				IPHONEOS_DEPLOYMENT_TARGET = 13.2;
				MTL_ENABLE_DEBUG_INFO = NO;
				MTL_FAST_MATH = YES;
				SDKROOT = iphoneos;
				VALIDATE_PRODUCT = YES;
			};
			name = Release;
		};
		196E470C248C59A200F004BC /* Debug */ = {
			isa = XCBuildConfiguration;
			baseConfigurationReference = D5A079FFF69097527E975BA9 /* Pods-Payments.debug.xcconfig */;
			buildSettings = {
				ASSETCATALOG_COMPILER_APPICON_NAME = AppIcon;
				CODE_SIGN_STYLE = Automatic;
				INFOPLIST_FILE = Payments/Info.plist;
				LD_RUNPATH_SEARCH_PATHS = (
					"$(inherited)",
					"@executable_path/Frameworks",
				);
				PRODUCT_BUNDLE_IDENTIFIER = com.namorosino.Payments;
				PRODUCT_NAME = "$(TARGET_NAME)";
				TARGETED_DEVICE_FAMILY = "1,2";
			};
			name = Debug;
		};
		196E470D248C59A200F004BC /* Release */ = {
			isa = XCBuildConfiguration;
			baseConfigurationReference = 2BEC7D1BA78D34759D17B8F0 /* Pods-Payments.release.xcconfig */;
			buildSettings = {
				ASSETCATALOG_COMPILER_APPICON_NAME = AppIcon;
				CODE_SIGN_STYLE = Automatic;
				INFOPLIST_FILE = Payments/Info.plist;
				LD_RUNPATH_SEARCH_PATHS = (
					"$(inherited)",
					"@executable_path/Frameworks",
				);
				PRODUCT_BUNDLE_IDENTIFIER = com.namorosino.Payments;
				PRODUCT_NAME = "$(TARGET_NAME)";
				TARGETED_DEVICE_FAMILY = "1,2";
			};
			name = Release;
		};
/* End XCBuildConfiguration section */

/* Begin XCConfigurationList section */
		196E46ED248C59A000F004BC /* Build configuration list for PBXProject "Payments" */ = {
			isa = XCConfigurationList;
			buildConfigurations = (
				196E4709248C59A200F004BC /* Debug */,
				196E470A248C59A200F004BC /* Release */,
			);
			defaultConfigurationIsVisible = 0;
			defaultConfigurationName = Release;
		};
		196E470B248C59A200F004BC /* Build configuration list for PBXNativeTarget "Payments" */ = {
			isa = XCConfigurationList;
			buildConfigurations = (
				196E470C248C59A200F004BC /* Debug */,
				196E470D248C59A200F004BC /* Release */,
			);
			defaultConfigurationIsVisible = 0;
			defaultConfigurationName = Release;
		};
/* End XCConfigurationList section */
	};
	rootObject = 196E46EA248C59A000F004BC /* Project object */;
}
